
Microsoft Visual Studio Solution File, Format Version 12.00
# Visual Studio 15
VisualStudioVersion = 15.0.26124.0
MinimumVisualStudioVersion = 15.0.26124.0
Project("{FAE04EC0-301F-11D3-BF4B-00C04F79EFBC}") = "SunpathDiagram", "src\SunpathDiagram.csproj", "{46FBA3F8-5D9A-4A25-8914-8F66620A796E}"
EndProject
Project("{FAE04EC0-301F-11D3-BF4B-00C04F79EFBC}") = "SunpathDiagram.Dependencies", "dependencies\SunpathDiagram.Dependencies.csproj", "{FF4EA083-6E72-47D0-9448-ABC29B275670}"
EndProject
Project("{FAE04EC0-301F-11D3-BF4B-00C04F79EFBC}") = "SunpathDiagram.Tests", "test\SunpathDiagram.Tests.csproj", "{9AFC2360-7AC5-4BF4-884A-31BE559E75CD}"
EndProject
Global
	GlobalSection(SolutionConfigurationPlatforms) = preSolution
		Debug|Any CPU = Debug|Any CPU
		Debug|x64 = Debug|x64
		Debug|x86 = Debug|x86
		Release|Any CPU = Release|Any CPU
		Release|x64 = Release|x64
		Release|x86 = Release|x86
	EndGlobalSection
	GlobalSection(SolutionProperties) = preSolution
		HideSolutionNode = FALSE
	EndGlobalSection
	GlobalSection(ProjectConfigurationPlatforms) = postSolution
		{46FBA3F8-5D9A-4A25-8914-8F66620A796E}.Debug|Any CPU.ActiveCfg = Debug|Any CPU
		{46FBA3F8-5D9A-4A25-8914-8F66620A796E}.Debug|Any CPU.Build.0 = Debug|Any CPU
		{46FBA3F8-5D9A-4A25-8914-8F66620A796E}.Debug|x64.ActiveCfg = Debug|Any CPU
		{46FBA3F8-5D9A-4A25-8914-8F66620A796E}.Debug|x64.Build.0 = Debug|Any CPU
		{46FBA3F8-5D9A-4A25-8914-8F66620A796E}.Debug|x86.ActiveCfg = Debug|Any CPU
		{46FBA3F8-5D9A-4A25-8914-8F66620A796E}.Debug|x86.Build.0 = Debug|Any CPU
		{46FBA3F8-5D9A-4A25-8914-8F66620A796E}.Release|Any CPU.ActiveCfg = Release|Any CPU
		{46FBA3F8-5D9A-4A25-8914-8F66620A796E}.Release|Any CPU.Build.0 = Release|Any CPU
		{46FBA3F8-5D9A-4A25-8914-8F66620A796E}.Release|x64.ActiveCfg = Release|Any CPU
		{46FBA3F8-5D9A-4A25-8914-8F66620A796E}.Release|x64.Build.0 = Release|Any CPU
		{46FBA3F8-5D9A-4A25-8914-8F66620A796E}.Release|x86.ActiveCfg = Release|Any CPU
		{46FBA3F8-5D9A-4A25-8914-8F66620A796E}.Release|x86.Build.0 = Release|Any CPU
		{FF4EA083-6E72-47D0-9448-ABC29B275670}.Debug|Any CPU.ActiveCfg = Debug|Any CPU
		{FF4EA083-6E72-47D0-9448-ABC29B275670}.Debug|Any CPU.Build.0 = Debug|Any CPU
		{FF4EA083-6E72-47D0-9448-ABC29B275670}.Debug|x64.ActiveCfg = Debug|Any CPU
		{FF4EA083-6E72-47D0-9448-ABC29B275670}.Debug|x64.Build.0 = Debug|Any CPU
		{FF4EA083-6E72-47D0-9448-ABC29B275670}.Debug|x86.ActiveCfg = Debug|Any CPU
		{FF4EA083-6E72-47D0-9448-ABC29B275670}.Debug|x86.Build.0 = Debug|Any CPU
		{FF4EA083-6E72-47D0-9448-ABC29B275670}.Release|Any CPU.ActiveCfg = Release|Any CPU
		{FF4EA083-6E72-47D0-9448-ABC29B275670}.Release|Any CPU.Build.0 = Release|Any CPU
		{FF4EA083-6E72-47D0-9448-ABC29B275670}.Release|x64.ActiveCfg = Release|Any CPU
		{FF4EA083-6E72-47D0-9448-ABC29B275670}.Release|x64.Build.0 = Release|Any CPU
		{FF4EA083-6E72-47D0-9448-ABC29B275670}.Release|x86.ActiveCfg = Release|Any CPU
		{FF4EA083-6E72-47D0-9448-ABC29B275670}.Release|x86.Build.0 = Release|Any CPU
		{9AFC2360-7AC5-4BF4-884A-31BE559E75CD}.Debug|Any CPU.ActiveCfg = Debug|Any CPU
		{9AFC2360-7AC5-4BF4-884A-31BE559E75CD}.Debug|Any CPU.Build.0 = Debug|Any CPU
		{9AFC2360-7AC5-4BF4-884A-31BE559E75CD}.Debug|x64.ActiveCfg = Debug|Any CPU
		{9AFC2360-7AC5-4BF4-884A-31BE559E75CD}.Debug|x64.Build.0 = Debug|Any CPU
		{9AFC2360-7AC5-4BF4-884A-31BE559E75CD}.Debug|x86.ActiveCfg = Debug|Any CPU
		{9AFC2360-7AC5-4BF4-884A-31BE559E75CD}.Debug|x86.Build.0 = Debug|Any CPU
		{9AFC2360-7AC5-4BF4-884A-31BE559E75CD}.Release|Any CPU.ActiveCfg = Release|Any CPU
		{9AFC2360-7AC5-4BF4-884A-31BE559E75CD}.Release|Any CPU.Build.0 = Release|Any CPU
		{9AFC2360-7AC5-4BF4-884A-31BE559E75CD}.Release|x64.ActiveCfg = Release|Any CPU
		{9AFC2360-7AC5-4BF4-884A-31BE559E75CD}.Release|x64.Build.0 = Release|Any CPU
		{9AFC2360-7AC5-4BF4-884A-31BE559E75CD}.Release|x86.ActiveCfg = Release|Any CPU
		{9AFC2360-7AC5-4BF4-884A-31BE559E75CD}.Release|x86.Build.0 = Release|Any CPU
	EndGlobalSection
EndGlobal
